
Microsoft Visual Studio Solution File, Format Version 12.00
# Visual Studio Version 16
VisualStudioVersion = 16.0.808.6
MinimumVisualStudioVersion = 10.0.40219.1
Project("{FAE04EC0-301F-11D3-BF4B-00C04F79EFBC}") = "XamarinHowToCustomHeaders.Android", "XamarinHowToCustomHeaders.Android\XamarinHowToCustomHeaders.Android.csproj", "{428F4C7B-F927-4E63-A958-0F8F7062BCE7}"
EndProject
Project("{FAE04EC0-301F-11D3-BF4B-00C04F79EFBC}") = "XamarinHowToCustomHeaders.iOS", "XamarinHowToCustomHeaders.iOS\XamarinHowToCustomHeaders.iOS.csproj", "{7DD9F07C-B9C3-4D74-B68D-C2BA93CF1230}"
EndProject
Project("{FAE04EC0-301F-11D3-BF4B-00C04F79EFBC}") = "XamarinHowToCustomHeaders", "XamarinHowToCustomHeaders\XamarinHowToCustomHeaders.csproj", "{153BEDE3-651A-4CFB-ACC2-63AA25EDC4A9}"
EndProject
Global
	GlobalSection(SolutionConfigurationPlatforms) = preSolution
		Debug|Any CPU = Debug|Any CPU
		Release|Any CPU = Release|Any CPU
		Debug|iPhoneSimulator = Debug|iPhoneSimulator
		Release|iPhoneSimulator = Release|iPhoneSimulator
		Debug|iPhone = Debug|iPhone
		Release|iPhone = Release|iPhone
	EndGlobalSection
	GlobalSection(ProjectConfigurationPlatforms) = postSolution
		{428F4C7B-F927-4E63-A958-0F8F7062BCE7}.Debug|Any CPU.ActiveCfg = Debug|Any CPU
		{428F4C7B-F927-4E63-A958-0F8F7062BCE7}.Debug|Any CPU.Build.0 = Debug|Any CPU
		{428F4C7B-F927-4E63-A958-0F8F7062BCE7}.Release|Any CPU.ActiveCfg = Release|Any CPU
		{428F4C7B-F927-4E63-A958-0F8F7062BCE7}.Release|Any CPU.Build.0 = Release|Any CPU
		{428F4C7B-F927-4E63-A958-0F8F7062BCE7}.Debug|iPhoneSimulator.ActiveCfg = Debug|Any CPU
		{428F4C7B-F927-4E63-A958-0F8F7062BCE7}.Debug|iPhoneSimulator.Build.0 = Debug|Any CPU
		{428F4C7B-F927-4E63-A958-0F8F7062BCE7}.Release|iPhoneSimulator.ActiveCfg = Release|Any CPU
		{428F4C7B-F927-4E63-A958-0F8F7062BCE7}.Release|iPhoneSimulator.Build.0 = Release|Any CPU
		{428F4C7B-F927-4E63-A958-0F8F7062BCE7}.Debug|iPhone.ActiveCfg = Debug|Any CPU
		{428F4C7B-F927-4E63-A958-0F8F7062BCE7}.Debug|iPhone.Build.0 = Debug|Any CPU
		{428F4C7B-F927-4E63-A958-0F8F7062BCE7}.Release|iPhone.ActiveCfg = Release|Any CPU
		{428F4C7B-F927-4E63-A958-0F8F7062BCE7}.Release|iPhone.Build.0 = Release|Any CPU
		{7DD9F07C-B9C3-4D74-B68D-C2BA93CF1230}.Debug|Any CPU.ActiveCfg = Debug|iPhoneSimulator
		{7DD9F07C-B9C3-4D74-B68D-C2BA93CF1230}.Debug|Any CPU.Build.0 = Debug|iPhoneSimulator
		{7DD9F07C-B9C3-4D74-B68D-C2BA93CF1230}.Release|Any CPU.ActiveCfg = Release|iPhoneSimulator
		{7DD9F07C-B9C3-4D74-B68D-C2BA93CF1230}.Release|Any CPU.Build.0 = Release|iPhoneSimulator
		{7DD9F07C-B9C3-4D74-B68D-C2BA93CF1230}.Debug|iPhoneSimulator.ActiveCfg = Debug|iPhoneSimulator
		{7DD9F07C-B9C3-4D74-B68D-C2BA93CF1230}.Debug|iPhoneSimulator.Build.0 = Debug|iPhoneSimulator
		{7DD9F07C-B9C3-4D74-B68D-C2BA93CF1230}.Release|iPhoneSimulator.ActiveCfg = Release|iPhoneSimulator
		{7DD9F07C-B9C3-4D74-B68D-C2BA93CF1230}.Release|iPhoneSimulator.Build.0 = Release|iPhoneSimulator
		{7DD9F07C-B9C3-4D74-B68D-C2BA93CF1230}.Debug|iPhone.ActiveCfg = Debug|iPhone
		{7DD9F07C-B9C3-4D74-B68D-C2BA93CF1230}.Debug|iPhone.Build.0 = Debug|iPhone
		{7DD9F07C-B9C3-4D74-B68D-C2BA93CF1230}.Release|iPhone.ActiveCfg = Release|iPhone
		{7DD9F07C-B9C3-4D74-B68D-C2BA93CF1230}.Release|iPhone.Build.0 = Release|iPhone
		{153BEDE3-651A-4CFB-ACC2-63AA25EDC4A9}.Debug|Any CPU.ActiveCfg = Debug|Any CPU
		{153BEDE3-651A-4CFB-ACC2-63AA25EDC4A9}.Debug|Any CPU.Build.0 = Debug|Any CPU
		{153BEDE3-651A-4CFB-ACC2-63AA25EDC4A9}.Release|Any CPU.ActiveCfg = Release|Any CPU
		{153BEDE3-651A-4CFB-ACC2-63AA25EDC4A9}.Release|Any CPU.Build.0 = Release|Any CPU
		{153BEDE3-651A-4CFB-ACC2-63AA25EDC4A9}.Debug|iPhoneSimulator.ActiveCfg = Debug|Any CPU
		{153BEDE3-651A-4CFB-ACC2-63AA25EDC4A9}.Debug|iPhoneSimulator.Build.0 = Debug|Any CPU
		{153BEDE3-651A-4CFB-ACC2-63AA25EDC4A9}.Release|iPhoneSimulator.ActiveCfg = Release|Any CPU
		{153BEDE3-651A-4CFB-ACC2-63AA25EDC4A9}.Release|iPhoneSimulator.Build.0 = Release|Any CPU
		{153BEDE3-651A-4CFB-ACC2-63AA25EDC4A9}.Debug|iPhone.ActiveCfg = Debug|Any CPU
		{153BEDE3-651A-4CFB-ACC2-63AA25EDC4A9}.Debug|iPhone.Build.0 = Debug|Any CPU
		{153BEDE3-651A-4CFB-ACC2-63AA25EDC4A9}.Release|iPhone.ActiveCfg = Release|Any CPU
		{153BEDE3-651A-4CFB-ACC2-63AA25EDC4A9}.Release|iPhone.Build.0 = Release|Any CPU
	EndGlobalSection
	GlobalSection(SolutionProperties) = preSolution
		HideSolutionNode = FALSE
	EndGlobalSection
	GlobalSection(ExtensibilityGlobals) = postSolution
		SolutionGuid = {559A085F-8F3A-48A4-AB16-A47F184F606A}
	EndGlobalSection
EndGlobal
